
Microsoft Visual Studio Solution File, Format Version 12.00
# Visual Studio Version 17
VisualStudioVersion = 17.9.34714.143
MinimumVisualStudioVersion = 10.0.40219.1
Project("{FAE04EC0-301F-11D3-BF4B-00C04F79EFBC}") = "SorteioNumerico", "SorteioNumerico.csproj", "{1B92A8E4-02E6-4135-AB3C-35A2C15EB210}"
EndProject
Global
	GlobalSection(SolutionConfigurationPlatforms) = preSolution
		Debug|Any CPU = Debug|Any CPU
		Release|Any CPU = Release|Any CPU
	EndGlobalSection
	GlobalSection(ProjectConfigurationPlatforms) = postSolution
		{1B92A8E4-02E6-4135-AB3C-35A2C15EB210}.Debug|Any CPU.ActiveCfg = Debug|Any CPU
		{1B92A8E4-02E6-4135-AB3C-35A2C15EB210}.Debug|Any CPU.Build.0 = Debug|Any CPU
		{1B92A8E4-02E6-4135-AB3C-35A2C15EB210}.Release|Any CPU.ActiveCfg = Release|Any CPU
		{1B92A8E4-02E6-4135-AB3C-35A2C15EB210}.Release|Any CPU.Build.0 = Release|Any CPU
	EndGlobalSection
	GlobalSection(SolutionProperties) = preSolution
		HideSolutionNode = FALSE
	EndGlobalSection
	GlobalSection(ExtensibilityGlobals) = postSolution
		SolutionGuid = {D19DE938-07ED-4D21-95E1-97FFE82FBA3D}
	EndGlobalSection
EndGlobal
